// !$*UTF8*$!
{
	archiveVersion = 1;
	classes = {
	};
	objectVersion = 56;
	objects = {

/* Begin PBXBuildFile section */
		3642A77D292B707F0075E5AF /* AppDelegate.swift in Sources */ = {isa = PBXBuildFile; fileRef = 3642A77C292B707F0075E5AF /* AppDelegate.swift */; };
		3642A77F292B707F0075E5AF /* SceneDelegate.swift in Sources */ = {isa = PBXBuildFile; fileRef = 3642A77E292B707F0075E5AF /* SceneDelegate.swift */; };
		3642A781292B707F0075E5AF /* ViewController.swift in Sources */ = {isa = PBXBuildFile; fileRef = 3642A780292B707F0075E5AF /* ViewController.swift */; };
		3642A784292B707F0075E5AF /* Main.storyboard in Resources */ = {isa = PBXBuildFile; fileRef = 3642A782292B707F0075E5AF /* Main.storyboard */; };
		3642A786292B70810075E5AF /* Assets.xcassets in Resources */ = {isa = PBXBuildFile; fileRef = 3642A785292B70810075E5AF /* Assets.xcassets */; };
		3642A789292B70810075E5AF /* LaunchScreen.storyboard in Resources */ = {isa = PBXBuildFile; fileRef = 3642A787292B70810075E5AF /* LaunchScreen.storyboard */; };
		3642A792292B82420075E5AF /* KeychainItem.swift in Sources */ = {isa = PBXBuildFile; fileRef = 3642A791292B82420075E5AF /* KeychainItem.swift */; };
		3642A794292B83360075E5AF /* UserProfileViewController.swift in Sources */ = {isa = PBXBuildFile; fileRef = 3642A793292B83360075E5AF /* UserProfileViewController.swift */; };
		3642A79A292B8D120075E5AF /* UserProfile.swift in Sources */ = {isa = PBXBuildFile; fileRef = 3642A799292B8D120075E5AF /* UserProfile.swift */; };
/* End PBXBuildFile section */

/* Begin PBXFileReference section */
		3642A779292B707F0075E5AF /* Sample CloudKit and SignInWithApple iOS.app */ = {isa = PBXFileReference; explicitFileType = wrapper.application; includeInIndex = 0; path = "Sample CloudKit and SignInWithApple iOS.app"; sourceTree = BUILT_PRODUCTS_DIR; };
		3642A77C292B707F0075E5AF /* AppDelegate.swift */ = {isa = PBXFileReference; lastKnownFileType = sourcecode.swift; path = AppDelegate.swift; sourceTree = "<group>"; };
		3642A77E292B707F0075E5AF /* SceneDelegate.swift */ = {isa = PBXFileReference; lastKnownFileType = sourcecode.swift; path = SceneDelegate.swift; sourceTree = "<group>"; };
		3642A780292B707F0075E5AF /* ViewController.swift */ = {isa = PBXFileReference; lastKnownFileType = sourcecode.swift; path = ViewController.swift; sourceTree = "<group>"; };
		3642A783292B707F0075E5AF /* Base */ = {isa = PBXFileReference; lastKnownFileType = file.storyboard; name = Base; path = Base.lproj/Main.storyboard; sourceTree = "<group>"; };
		3642A785292B70810075E5AF /* Assets.xcassets */ = {isa = PBXFileReference; lastKnownFileType = folder.assetcatalog; path = Assets.xcassets; sourceTree = "<group>"; };
		3642A788292B70810075E5AF /* Base */ = {isa = PBXFileReference; lastKnownFileType = file.storyboard; name = Base; path = Base.lproj/LaunchScreen.storyboard; sourceTree = "<group>"; };
		3642A78A292B70810075E5AF /* Info.plist */ = {isa = PBXFileReference; lastKnownFileType = text.plist.xml; path = Info.plist; sourceTree = "<group>"; };
		3642A790292B70A10075E5AF /* Sample CloudKit and SignInWithApple iOS.entitlements */ = {isa = PBXFileReference; lastKnownFileType = text.plist.entitlements; path = "Sample CloudKit and SignInWithApple iOS.entitlements"; sourceTree = "<group>"; };
		3642A791292B82420075E5AF /* KeychainItem.swift */ = {isa = PBXFileReference; lastKnownFileType = sourcecode.swift; path = KeychainItem.swift; sourceTree = "<group>"; };
		3642A793292B83360075E5AF /* UserProfileViewController.swift */ = {isa = PBXFileReference; lastKnownFileType = sourcecode.swift; path = UserProfileViewController.swift; sourceTree = "<group>"; };
		3642A799292B8D120075E5AF /* UserProfile.swift */ = {isa = PBXFileReference; lastKnownFileType = sourcecode.swift; path = UserProfile.swift; sourceTree = "<group>"; };
/* End PBXFileReference section */

/* Begin PBXFrameworksBuildPhase section */
		3642A776292B707F0075E5AF /* Frameworks */ = {
			isa = PBXFrameworksBuildPhase;
			buildActionMask = 2147483647;
			files = (
			);
			runOnlyForDeploymentPostprocessing = 0;
		};
/* End PBXFrameworksBuildPhase section */

/* Begin PBXGroup section */
		3642A770292B707F0075E5AF = {
			isa = PBXGroup;
			children = (
				3642A77B292B707F0075E5AF /* Sample CloudKit and SignInWithApple iOS */,
				3642A77A292B707F0075E5AF /* Products */,
			);
			sourceTree = "<group>";
		};
		3642A77A292B707F0075E5AF /* Products */ = {
			isa = PBXGroup;
			children = (
				3642A779292B707F0075E5AF /* Sample CloudKit and SignInWithApple iOS.app */,
			);
			name = Products;
			sourceTree = "<group>";
		};
		3642A77B292B707F0075E5AF /* Sample CloudKit and SignInWithApple iOS */ = {
			isa = PBXGroup;
			children = (
				3642A796292B8CD60075E5AF /* Model */,
				3642A795292B8CBA0075E5AF /* Supported Files */,
				3642A790292B70A10075E5AF /* Sample CloudKit and SignInWithApple iOS.entitlements */,
				3642A793292B83360075E5AF /* UserProfileViewController.swift */,
				3642A77C292B707F0075E5AF /* AppDelegate.swift */,
				3642A77E292B707F0075E5AF /* SceneDelegate.swift */,
				3642A780292B707F0075E5AF /* ViewController.swift */,
				3642A782292B707F0075E5AF /* Main.storyboard */,
				3642A785292B70810075E5AF /* Assets.xcassets */,
				3642A787292B70810075E5AF /* LaunchScreen.storyboard */,
				3642A78A292B70810075E5AF /* Info.plist */,
			);
			path = "Sample CloudKit and SignInWithApple iOS";
			sourceTree = "<group>";
		};
		3642A795292B8CBA0075E5AF /* Supported Files */ = {
			isa = PBXGroup;
			children = (
				3642A791292B82420075E5AF /* KeychainItem.swift */,
			);
			path = "Supported Files";
			sourceTree = "<group>";
		};
		3642A796292B8CD60075E5AF /* Model */ = {
			isa = PBXGroup;
			children = (
				3642A799292B8D120075E5AF /* UserProfile.swift */,
			);
			path = Model;
			sourceTree = "<group>";
		};
/* End PBXGroup section */

/* Begin PBXNativeTarget section */
		3642A778292B707F0075E5AF /* Sample CloudKit and SignInWithApple iOS */ = {
			isa = PBXNativeTarget;
			buildConfigurationList = 3642A78D292B70810075E5AF /* Build configuration list for PBXNativeTarget "Sample CloudKit and SignInWithApple iOS" */;
			buildPhases = (
				3642A775292B707F0075E5AF /* Sources */,
				3642A776292B707F0075E5AF /* Frameworks */,
				3642A777292B707F0075E5AF /* Resources */,
			);
			buildRules = (
			);
			dependencies = (
			);
			name = "Sample CloudKit and SignInWithApple iOS";
			productName = "Sample CloudKit and SignInWithApple iOS";
			productReference = 3642A779292B707F0075E5AF /* Sample CloudKit and SignInWithApple iOS.app */;
			productType = "com.apple.product-type.application";
		};
/* End PBXNativeTarget section */

/* Begin PBXProject section */
		3642A771292B707F0075E5AF /* Project object */ = {
			isa = PBXProject;
			attributes = {
				BuildIndependentTargetsInParallel = 1;
				LastSwiftUpdateCheck = 1410;
				LastUpgradeCheck = 1410;
				TargetAttributes = {
					3642A778292B707F0075E5AF = {
						CreatedOnToolsVersion = 14.1;
					};
				};
			};
			buildConfigurationList = 3642A774292B707F0075E5AF /* Build configuration list for PBXProject "Sample CloudKit and SignInWithApple iOS" */;
			compatibilityVersion = "Xcode 14.0";
			developmentRegion = en;
			hasScannedForEncodings = 0;
			knownRegions = (
				en,
				Base,
			);
			mainGroup = 3642A770292B707F0075E5AF;
			productRefGroup = 3642A77A292B707F0075E5AF /* Products */;
			projectDirPath = "";
			projectRoot = "";
			targets = (
				3642A778292B707F0075E5AF /* Sample CloudKit and SignInWithApple iOS */,
			);
		};
/* End PBXProject section */

/* Begin PBXResourcesBuildPhase section */
		3642A777292B707F0075E5AF /* Resources */ = {
			isa = PBXResourcesBuildPhase;
			buildActionMask = 2147483647;
			files = (
				3642A789292B70810075E5AF /* LaunchScreen.storyboard in Resources */,
				3642A786292B70810075E5AF /* Assets.xcassets in Resources */,
				3642A784292B707F0075E5AF /* Main.storyboard in Resources */,
			);
			runOnlyForDeploymentPostprocessing = 0;
		};
/* End PBXResourcesBuildPhase section */

/* Begin PBXSourcesBuildPhase section */
		3642A775292B707F0075E5AF /* Sources */ = {
			isa = PBXSourcesBuildPhase;
			buildActionMask = 2147483647;
			files = (
				3642A792292B82420075E5AF /* KeychainItem.swift in Sources */,
				3642A794292B83360075E5AF /* UserProfileViewController.swift in Sources */,
				3642A79A292B8D120075E5AF /* UserProfile.swift in Sources */,
				3642A781292B707F0075E5AF /* ViewController.swift in Sources */,
				3642A77D292B707F0075E5AF /* AppDelegate.swift in Sources */,
				3642A77F292B707F0075E5AF /* SceneDelegate.swift in Sources */,
			);
			runOnlyForDeploymentPostprocessing = 0;
		};
/* End PBXSourcesBuildPhase section */

/* Begin PBXVariantGroup section */
		3642A782292B707F0075E5AF /* Main.storyboard */ = {
			isa = PBXVariantGroup;
			children = (
				3642A783292B707F0075E5AF /* Base */,
			);
			name = Main.storyboard;
			sourceTree = "<group>";
		};
		3642A787292B70810075E5AF /* LaunchScreen.storyboard */ = {
			isa = PBXVariantGroup;
			children = (
				3642A788292B70810075E5AF /* Base */,
			);
			name = LaunchScreen.storyboard;
			sourceTree = "<group>";
		};
/* End PBXVariantGroup section */

/* Begin XCBuildConfiguration section */
		3642A78B292B70810075E5AF /* Debug */ = {
			isa = XCBuildConfiguration;
			buildSettings = {
				ALWAYS_SEARCH_USER_PATHS = NO;
				CLANG_ANALYZER_NONNULL = YES;
				CLANG_ANALYZER_NUMBER_OBJECT_CONVERSION = YES_AGGRESSIVE;
				CLANG_CXX_LANGUAGE_STANDARD = "gnu++20";
				CLANG_ENABLE_MODULES = YES;
				CLANG_ENABLE_OBJC_ARC = YES;
				CLANG_ENABLE_OBJC_WEAK = YES;
				CLANG_WARN_BLOCK_CAPTURE_AUTORELEASING = YES;
				CLANG_WARN_BOOL_CONVERSION = YES;
				CLANG_WARN_COMMA = YES;
				CLANG_WARN_CONSTANT_CONVERSION = YES;
				CLANG_WARN_DEPRECATED_OBJC_IMPLEMENTATIONS = YES;
				CLANG_WARN_DIRECT_OBJC_ISA_USAGE = YES_ERROR;
				CLANG_WARN_DOCUMENTATION_COMMENTS = YES;
				CLANG_WARN_EMPTY_BODY = YES;
				CLANG_WARN_ENUM_CONVERSION = YES;
				CLANG_WARN_INFINITE_RECURSION = YES;
				CLANG_WARN_INT_CONVERSION = YES;
				CLANG_WARN_NON_LITERAL_NULL_CONVERSION = YES;
				CLANG_WARN_OBJC_IMPLICIT_RETAIN_SELF = YES;
				CLANG_WARN_OBJC_LITERAL_CONVERSION = YES;
				CLANG_WARN_OBJC_ROOT_CLASS = YES_ERROR;
				CLANG_WARN_QUOTED_INCLUDE_IN_FRAMEWORK_HEADER = YES;
				CLANG_WARN_RANGE_LOOP_ANALYSIS = YES;
				CLANG_WARN_STRICT_PROTOTYPES = YES;
				CLANG_WARN_SUSPICIOUS_MOVE = YES;
				CLANG_WARN_UNGUARDED_AVAILABILITY = YES_AGGRESSIVE;
				CLANG_WARN_UNREACHABLE_CODE = YES;
				CLANG_WARN__DUPLICATE_METHOD_MATCH = YES;
				COPY_PHASE_STRIP = NO;
				DEBUG_INFORMATION_FORMAT = dwarf;
				ENABLE_STRICT_OBJC_MSGSEND = YES;
				ENABLE_TESTABILITY = YES;
				GCC_C_LANGUAGE_STANDARD = gnu11;
				GCC_DYNAMIC_NO_PIC = NO;
				GCC_NO_COMMON_BLOCKS = YES;
				GCC_OPTIMIZATION_LEVEL = 0;
				GCC_PREPROCESSOR_DEFINITIONS = (
					"DEBUG=1",
					"$(inherited)",
				);
				GCC_WARN_64_TO_32_BIT_CONVERSION = YES;
				GCC_WARN_ABOUT_RETURN_TYPE = YES_ERROR;
				GCC_WARN_UNDECLARED_SELECTOR = YES;
				GCC_WARN_UNINITIALIZED_AUTOS = YES_AGGRESSIVE;
				GCC_WARN_UNUSED_FUNCTION = YES;
				GCC_WARN_UNUSED_VARIABLE = YES;
				IPHONEOS_DEPLOYMENT_TARGET = 16.1;
				MTL_ENABLE_DEBUG_INFO = INCLUDE_SOURCE;
				MTL_FAST_MATH = YES;
				ONLY_ACTIVE_ARCH = YES;
				SDKROOT = iphoneos;
				SWIFT_ACTIVE_COMPILATION_CONDITIONS = DEBUG;
				SWIFT_OPTIMIZATION_LEVEL = "-Onone";
			};
			name = Debug;
		};
		3642A78C292B70810075E5AF /* Release */ = {
			isa = XCBuildConfiguration;
			buildSettings = {
				ALWAYS_SEARCH_USER_PATHS = NO;
				CLANG_ANALYZER_NONNULL = YES;
				CLANG_ANALYZER_NUMBER_OBJECT_CONVERSION = YES_AGGRESSIVE;
				CLANG_CXX_LANGUAGE_STANDARD = "gnu++20";
				CLANG_ENABLE_MODULES = YES;
				CLANG_ENABLE_OBJC_ARC = YES;
				CLANG_ENABLE_OBJC_WEAK = YES;
				CLANG_WARN_BLOCK_CAPTURE_AUTORELEASING = YES;
				CLANG_WARN_BOOL_CONVERSION = YES;
				CLANG_WARN_COMMA = YES;
				CLANG_WARN_CONSTANT_CONVERSION = YES;
				CLANG_WARN_DEPRECATED_OBJC_IMPLEMENTATIONS = YES;
				CLANG_WARN_DIRECT_OBJC_ISA_USAGE = YES_ERROR;
				CLANG_WARN_DOCUMENTATION_COMMENTS = YES;
				CLANG_WARN_EMPTY_BODY = YES;
				CLANG_WARN_ENUM_CONVERSION = YES;
				CLANG_WARN_INFINITE_RECURSION = YES;
				CLANG_WARN_INT_CONVERSION = YES;
				CLANG_WARN_NON_LITERAL_NULL_CONVERSION = YES;
				CLANG_WARN_OBJC_IMPLICIT_RETAIN_SELF = YES;
				CLANG_WARN_OBJC_LITERAL_CONVERSION = YES;
				CLANG_WARN_OBJC_ROOT_CLASS = YES_ERROR;
				CLANG_WARN_QUOTED_INCLUDE_IN_FRAMEWORK_HEADER = YES;
				CLANG_WARN_RANGE_LOOP_ANALYSIS = YES;
				CLANG_WARN_STRICT_PROTOTYPES = YES;
				CLANG_WARN_SUSPICIOUS_MOVE = YES;
				CLANG_WARN_UNGUARDED_AVAILABILITY = YES_AGGRESSIVE;
				CLANG_WARN_UNREACHABLE_CODE = YES;
				CLANG_WARN__DUPLICATE_METHOD_MATCH = YES;
				COPY_PHASE_STRIP = NO;
				DEBUG_INFORMATION_FORMAT = "dwarf-with-dsym";
				ENABLE_NS_ASSERTIONS = NO;
				ENABLE_STRICT_OBJC_MSGSEND = YES;
				GCC_C_LANGUAGE_STANDARD = gnu11;
				GCC_NO_COMMON_BLOCKS = YES;
				GCC_WARN_64_TO_32_BIT_CONVERSION = YES;
				GCC_WARN_ABOUT_RETURN_TYPE = YES_ERROR;
				GCC_WARN_UNDECLARED_SELECTOR = YES;
				GCC_WARN_UNINITIALIZED_AUTOS = YES_AGGRESSIVE;
				GCC_WARN_UNUSED_FUNCTION = YES;
				GCC_WARN_UNUSED_VARIABLE = YES;
				IPHONEOS_DEPLOYMENT_TARGET = 16.1;
				MTL_ENABLE_DEBUG_INFO = NO;
				MTL_FAST_MATH = YES;
				SDKROOT = iphoneos;
				SWIFT_COMPILATION_MODE = wholemodule;
				SWIFT_OPTIMIZATION_LEVEL = "-O";
				VALIDATE_PRODUCT = YES;
			};
			name = Release;
		};
		3642A78E292B70810075E5AF /* Debug */ = {
			isa = XCBuildConfiguration;
			buildSettings = {
				ASSETCATALOG_COMPILER_APPICON_NAME = AppIcon;
				ASSETCATALOG_COMPILER_GLOBAL_ACCENT_COLOR_NAME = AccentColor;
				CODE_SIGN_ENTITLEMENTS = "Sample CloudKit and SignInWithApple iOS/Sample CloudKit and SignInWithApple iOS.entitlements";
				CODE_SIGN_STYLE = Automatic;
				CURRENT_PROJECT_VERSION = 1;
				DEVELOPMENT_TEAM = 73TW42T8UJ;
				GENERATE_INFOPLIST_FILE = YES;
				INFOPLIST_FILE = "Sample CloudKit and SignInWithApple iOS/Info.plist";
				INFOPLIST_KEY_UIApplicationSupportsIndirectInputEvents = YES;
				INFOPLIST_KEY_UILaunchStoryboardName = LaunchScreen;
				INFOPLIST_KEY_UIMainStoryboardFile = Main;
				INFOPLIST_KEY_UIStatusBarStyle = UIStatusBarStyleLightContent;
				INFOPLIST_KEY_UISupportedInterfaceOrientations_iPad = "UIInterfaceOrientationPortrait UIInterfaceOrientationPortraitUpsideDown UIInterfaceOrientationLandscapeLeft UIInterfaceOrientationLandscapeRight";
				INFOPLIST_KEY_UISupportedInterfaceOrientations_iPhone = "UIInterfaceOrientationPortrait UIInterfaceOrientationLandscapeLeft UIInterfaceOrientationLandscapeRight";
				IPHONEOS_DEPLOYMENT_TARGET = 16.0;
				LD_RUNPATH_SEARCH_PATHS = (
					"$(inherited)",
					"@executable_path/Frameworks",
				);
				MARKETING_VERSION = 1.0;
				PRODUCT_BUNDLE_IDENTIFIER = "khilmand.Sample-CloudKit-and-SignInWithApple-iOS";
				PRODUCT_NAME = "$(TARGET_NAME)";
				SWIFT_EMIT_LOC_STRINGS = YES;
				SWIFT_VERSION = 5.0;
				TARGETED_DEVICE_FAMILY = "1,2";
			};
			name = Debug;
		};
		3642A78F292B70810075E5AF /* Release */ = {
			isa = XCBuildConfiguration;
			buildSettings = {
				ASSETCATALOG_COMPILER_APPICON_NAME = AppIcon;
				ASSETCATALOG_COMPILER_GLOBAL_ACCENT_COLOR_NAME = AccentColor;
				CODE_SIGN_ENTITLEMENTS = "Sample CloudKit and SignInWithApple iOS/Sample CloudKit and SignInWithApple iOS.entitlements";
				CODE_SIGN_STYLE = Automatic;
				CURRENT_PROJECT_VERSION = 1;
				DEVELOPMENT_TEAM = 73TW42T8UJ;
				GENERATE_INFOPLIST_FILE = YES;
				INFOPLIST_FILE = "Sample CloudKit and SignInWithApple iOS/Info.plist";
				INFOPLIST_KEY_UIApplicationSupportsIndirectInputEvents = YES;
				INFOPLIST_KEY_UILaunchStoryboardName = LaunchScreen;
				INFOPLIST_KEY_UIMainStoryboardFile = Main;
				INFOPLIST_KEY_UIStatusBarStyle = UIStatusBarStyleLightContent;
				INFOPLIST_KEY_UISupportedInterfaceOrientations_iPad = "UIInterfaceOrientationPortrait UIInterfaceOrientationPortraitUpsideDown UIInterfaceOrientationLandscapeLeft UIInterfaceOrientationLandscapeRight";
				INFOPLIST_KEY_UISupportedInterfaceOrientations_iPhone = "UIInterfaceOrientationPortrait UIInterfaceOrientationLandscapeLeft UIInterfaceOrientationLandscapeRight";
				IPHONEOS_DEPLOYMENT_TARGET = 16.0;
				LD_RUNPATH_SEARCH_PATHS = (
					"$(inherited)",
					"@executable_path/Frameworks",
				);
				MARKETING_VERSION = 1.0;
				PRODUCT_BUNDLE_IDENTIFIER = "khilmand.Sample-CloudKit-and-SignInWithApple-iOS";
				PRODUCT_NAME = "$(TARGET_NAME)";
				SWIFT_EMIT_LOC_STRINGS = YES;
				SWIFT_VERSION = 5.0;
				TARGETED_DEVICE_FAMILY = "1,2";
			};
			name = Release;
		};
/* End XCBuildConfiguration section */

/* Begin XCConfigurationList section */
		3642A774292B707F0075E5AF /* Build configuration list for PBXProject "Sample CloudKit and SignInWithApple iOS" */ = {
			isa = XCConfigurationList;
			buildConfigurations = (
				3642A78B292B70810075E5AF /* Debug */,
				3642A78C292B70810075E5AF /* Release */,
			);
			defaultConfigurationIsVisible = 0;
			defaultConfigurationName = Release;
		};
		3642A78D292B70810075E5AF /* Build configuration list for PBXNativeTarget "Sample CloudKit and SignInWithApple iOS" */ = {
			isa = XCConfigurationList;
			buildConfigurations = (
				3642A78E292B70810075E5AF /* Debug */,
				3642A78F292B70810075E5AF /* Release */,
			);
			defaultConfigurationIsVisible = 0;
			defaultConfigurationName = Release;
		};
/* End XCConfigurationList section */
	};
	rootObject = 3642A771292B707F0075E5AF /* Project object */;
}
